// !$*UTF8*$!
{
	archiveVersion = 1;
	classes = {
	};
	objectVersion = 50;
	objects = {

/* Begin PBXBuildFile section */
		D9469E1D23DD5C7600C3E9A9 /* AppDelegate.swift in Sources */ = {isa = PBXBuildFile; fileRef = D9469E1C23DD5C7600C3E9A9 /* AppDelegate.swift */; };
		D9469E1F23DD5C7600C3E9A9 /* SceneDelegate.swift in Sources */ = {isa = PBXBuildFile; fileRef = D9469E1E23DD5C7600C3E9A9 /* SceneDelegate.swift */; };
		D9469E2423DD5C7600C3E9A9 /* Main.storyboard in Resources */ = {isa = PBXBuildFile; fileRef = D9469E2223DD5C7600C3E9A9 /* Main.storyboard */; };
		D9469E2623DD5C7800C3E9A9 /* Assets.xcassets in Resources */ = {isa = PBXBuildFile; fileRef = D9469E2523DD5C7800C3E9A9 /* Assets.xcassets */; };
		D9469E2923DD5C7800C3E9A9 /* LaunchScreen.storyboard in Resources */ = {isa = PBXBuildFile; fileRef = D9469E2723DD5C7800C3E9A9 /* LaunchScreen.storyboard */; };
		D9469E3523DD5D5600C3E9A9 /* ListTableViewController.swift in Sources */ = {isa = PBXBuildFile; fileRef = D9469E3423DD5D5600C3E9A9 /* ListTableViewController.swift */; };
		D9469E5723DD669C00C3E9A9 /* Item.swift in Sources */ = {isa = PBXBuildFile; fileRef = D9469E5623DD669C00C3E9A9 /* Item.swift */; };
/* End PBXBuildFile section */

/* Begin PBXFileReference section */
		D9469E1923DD5C7600C3E9A9 /* Database.app */ = {isa = PBXFileReference; explicitFileType = wrapper.application; includeInIndex = 0; path = Database.app; sourceTree = BUILT_PRODUCTS_DIR; };
		D9469E1C23DD5C7600C3E9A9 /* AppDelegate.swift */ = {isa = PBXFileReference; lastKnownFileType = sourcecode.swift; path = AppDelegate.swift; sourceTree = "<group>"; };
		D9469E1E23DD5C7600C3E9A9 /* SceneDelegate.swift */ = {isa = PBXFileReference; lastKnownFileType = sourcecode.swift; path = SceneDelegate.swift; sourceTree = "<group>"; };
		D9469E2323DD5C7600C3E9A9 /* Base */ = {isa = PBXFileReference; lastKnownFileType = file.storyboard; name = Base; path = Base.lproj/Main.storyboard; sourceTree = "<group>"; };
		D9469E2523DD5C7800C3E9A9 /* Assets.xcassets */ = {isa = PBXFileReference; lastKnownFileType = folder.assetcatalog; path = Assets.xcassets; sourceTree = "<group>"; };
		D9469E2823DD5C7800C3E9A9 /* Base */ = {isa = PBXFileReference; lastKnownFileType = file.storyboard; name = Base; path = Base.lproj/LaunchScreen.storyboard; sourceTree = "<group>"; };
		D9469E2A23DD5C7800C3E9A9 /* Info.plist */ = {isa = PBXFileReference; lastKnownFileType = text.plist.xml; path = Info.plist; sourceTree = "<group>"; };
		D9469E3423DD5D5600C3E9A9 /* ListTableViewController.swift */ = {isa = PBXFileReference; lastKnownFileType = sourcecode.swift; path = ListTableViewController.swift; sourceTree = "<group>"; };
		D9469E5623DD669C00C3E9A9 /* Item.swift */ = {isa = PBXFileReference; lastKnownFileType = sourcecode.swift; path = Item.swift; sourceTree = "<group>"; };
/* End PBXFileReference section */

/* Begin PBXFrameworksBuildPhase section */
		D9469E1623DD5C7600C3E9A9 /* Frameworks */ = {
			isa = PBXFrameworksBuildPhase;
			buildActionMask = 2147483647;
			files = (
			);
			runOnlyForDeploymentPostprocessing = 0;
		};
/* End PBXFrameworksBuildPhase section */

/* Begin PBXGroup section */
		D9469E1023DD5C7600C3E9A9 = {
			isa = PBXGroup;
			children = (
				D9469E1B23DD5C7600C3E9A9 /* Database */,
				D9469E1A23DD5C7600C3E9A9 /* Products */,
			);
			sourceTree = "<group>";
		};
		D9469E1A23DD5C7600C3E9A9 /* Products */ = {
			isa = PBXGroup;
			children = (
				D9469E1923DD5C7600C3E9A9 /* Database.app */,
			);
			name = Products;
			sourceTree = "<group>";
		};
		D9469E1B23DD5C7600C3E9A9 /* Database */ = {
			isa = PBXGroup;
			children = (
				D9469E3323DD5D0700C3E9A9 /* Helper */,
				D9469E3223DD5CF600C3E9A9 /* View Controller */,
				D9469E3123DD5CEB00C3E9A9 /* Model */,
				D9469E3023DD5CD200C3E9A9 /* View */,
				D9469E2523DD5C7800C3E9A9 /* Assets.xcassets */,
				D9469E2A23DD5C7800C3E9A9 /* Info.plist */,
			);
			path = Database;
			sourceTree = "<group>";
		};
		D9469E3023DD5CD200C3E9A9 /* View */ = {
			isa = PBXGroup;
			children = (
				D9469E2223DD5C7600C3E9A9 /* Main.storyboard */,
				D9469E2723DD5C7800C3E9A9 /* LaunchScreen.storyboard */,
			);
			path = View;
			sourceTree = "<group>";
		};
		D9469E3123DD5CEB00C3E9A9 /* Model */ = {
			isa = PBXGroup;
			children = (
				D9469E5623DD669C00C3E9A9 /* Item.swift */,
			);
			path = Model;
			sourceTree = "<group>";
		};
		D9469E3223DD5CF600C3E9A9 /* View Controller */ = {
			isa = PBXGroup;
			children = (
				D9469E3423DD5D5600C3E9A9 /* ListTableViewController.swift */,
			);
			path = "View Controller";
			sourceTree = "<group>";
		};
		D9469E3323DD5D0700C3E9A9 /* Helper */ = {
			isa = PBXGroup;
			children = (
				D9469E1C23DD5C7600C3E9A9 /* AppDelegate.swift */,
				D9469E1E23DD5C7600C3E9A9 /* SceneDelegate.swift */,
			);
			path = Helper;
			sourceTree = "<group>";
		};
/* End PBXGroup section */

/* Begin PBXNativeTarget section */
		D9469E1823DD5C7600C3E9A9 /* Database */ = {
			isa = PBXNativeTarget;
			buildConfigurationList = D9469E2D23DD5C7800C3E9A9 /* Build configuration list for PBXNativeTarget "Database" */;
			buildPhases = (
				D9469E1523DD5C7600C3E9A9 /* Sources */,
				D9469E1623DD5C7600C3E9A9 /* Frameworks */,
				D9469E1723DD5C7600C3E9A9 /* Resources */,
			);
			buildRules = (
			);
			dependencies = (
			);
			name = Database;
			productName = Database;
			productReference = D9469E1923DD5C7600C3E9A9 /* Database.app */;
			productType = "com.apple.product-type.application";
		};
/* End PBXNativeTarget section */

/* Begin PBXProject section */
		D9469E1123DD5C7600C3E9A9 /* Project object */ = {
			isa = PBXProject;
			attributes = {
				LastSwiftUpdateCheck = 1130;
				LastUpgradeCheck = 1130;
				ORGANIZATIONNAME = "Md. Mazidul Islam";
				TargetAttributes = {
					D9469E1823DD5C7600C3E9A9 = {
						CreatedOnToolsVersion = 11.3.1;
					};
				};
			};
			buildConfigurationList = D9469E1423DD5C7600C3E9A9 /* Build configuration list for PBXProject "Database" */;
			compatibilityVersion = "Xcode 9.3";
			developmentRegion = en;
			hasScannedForEncodings = 0;
			knownRegions = (
				en,
				Base,
			);
			mainGroup = D9469E1023DD5C7600C3E9A9;
			productRefGroup = D9469E1A23DD5C7600C3E9A9 /* Products */;
			projectDirPath = "";
			projectRoot = "";
			targets = (
				D9469E1823DD5C7600C3E9A9 /* Database */,
			);
		};
/* End PBXProject section */

/* Begin PBXResourcesBuildPhase section */
		D9469E1723DD5C7600C3E9A9 /* Resources */ = {
			isa = PBXResourcesBuildPhase;
			buildActionMask = 2147483647;
			files = (
				D9469E2923DD5C7800C3E9A9 /* LaunchScreen.storyboard in Resources */,
				D9469E2623DD5C7800C3E9A9 /* Assets.xcassets in Resources */,
				D9469E2423DD5C7600C3E9A9 /* Main.storyboard in Resources */,
			);
			runOnlyForDeploymentPostprocessing = 0;
		};
/* End PBXResourcesBuildPhase section */

/* Begin PBXSourcesBuildPhase section */
		D9469E1523DD5C7600C3E9A9 /* Sources */ = {
			isa = PBXSourcesBuildPhase;
			buildActionMask = 2147483647;
			files = (
				D9469E5723DD669C00C3E9A9 /* Item.swift in Sources */,
				D9469E1D23DD5C7600C3E9A9 /* AppDelegate.swift in Sources */,
				D9469E1F23DD5C7600C3E9A9 /* SceneDelegate.swift in Sources */,
				D9469E3523DD5D5600C3E9A9 /* ListTableViewController.swift in Sources */,
			);
			runOnlyForDeploymentPostprocessing = 0;
		};
/* End PBXSourcesBuildPhase section */

/* Begin PBXVariantGroup section */
		D9469E2223DD5C7600C3E9A9 /* Main.storyboard */ = {
			isa = PBXVariantGroup;
			children = (
				D9469E2323DD5C7600C3E9A9 /* Base */,
			);
			name = Main.storyboard;
			sourceTree = "<group>";
		};
		D9469E2723DD5C7800C3E9A9 /* LaunchScreen.storyboard */ = {
			isa = PBXVariantGroup;
			children = (
				D9469E2823DD5C7800C3E9A9 /* Base */,
			);
			name = LaunchScreen.storyboard;
			sourceTree = "<group>";
		};
/* End PBXVariantGroup section */

/* Begin XCBuildConfiguration section */
		D9469E2B23DD5C7800C3E9A9 /* Debug */ = {
			isa = XCBuildConfiguration;
			buildSettings = {
				ALWAYS_SEARCH_USER_PATHS = NO;
				CLANG_ANALYZER_NONNULL = YES;
				CLANG_ANALYZER_NUMBER_OBJECT_CONVERSION = YES_AGGRESSIVE;
				CLANG_CXX_LANGUAGE_STANDARD = "gnu++14";
				CLANG_CXX_LIBRARY = "libc++";
				CLANG_ENABLE_MODULES = YES;
				CLANG_ENABLE_OBJC_ARC = YES;
				CLANG_ENABLE_OBJC_WEAK = YES;
				CLANG_WARN_BLOCK_CAPTURE_AUTORELEASING = YES;
				CLANG_WARN_BOOL_CONVERSION = YES;
				CLANG_WARN_COMMA = YES;
				CLANG_WARN_CONSTANT_CONVERSION = YES;
				CLANG_WARN_DEPRECATED_OBJC_IMPLEMENTATIONS = YES;
				CLANG_WARN_DIRECT_OBJC_ISA_USAGE = YES_ERROR;
				CLANG_WARN_DOCUMENTATION_COMMENTS = YES;
				CLANG_WARN_EMPTY_BODY = YES;
				CLANG_WARN_ENUM_CONVERSION = YES;
				CLANG_WARN_INFINITE_RECURSION = YES;
				CLANG_WARN_INT_CONVERSION = YES;
				CLANG_WARN_NON_LITERAL_NULL_CONVERSION = YES;
				CLANG_WARN_OBJC_IMPLICIT_RETAIN_SELF = YES;
				CLANG_WARN_OBJC_LITERAL_CONVERSION = YES;
				CLANG_WARN_OBJC_ROOT_CLASS = YES_ERROR;
				CLANG_WARN_RANGE_LOOP_ANALYSIS = YES;
				CLANG_WARN_STRICT_PROTOTYPES = YES;
				CLANG_WARN_SUSPICIOUS_MOVE = YES;
				CLANG_WARN_UNGUARDED_AVAILABILITY = YES_AGGRESSIVE;
				CLANG_WARN_UNREACHABLE_CODE = YES;
				CLANG_WARN__DUPLICATE_METHOD_MATCH = YES;
				COPY_PHASE_STRIP = NO;
				DEBUG_INFORMATION_FORMAT = dwarf;
				ENABLE_STRICT_OBJC_MSGSEND = YES;
				ENABLE_TESTABILITY = YES;
				GCC_C_LANGUAGE_STANDARD = gnu11;
				GCC_DYNAMIC_NO_PIC = NO;
				GCC_NO_COMMON_BLOCKS = YES;
				GCC_OPTIMIZATION_LEVEL = 0;
				GCC_PREPROCESSOR_DEFINITIONS = (
					"DEBUG=1",
					"$(inherited)",
				);
				GCC_WARN_64_TO_32_BIT_CONVERSION = YES;
				GCC_WARN_ABOUT_RETURN_TYPE = YES_ERROR;
				GCC_WARN_UNDECLARED_SELECTOR = YES;
				GCC_WARN_UNINITIALIZED_AUTOS = YES_AGGRESSIVE;
				GCC_WARN_UNUSED_FUNCTION = YES;
				GCC_WARN_UNUSED_VARIABLE = YES;
				IPHONEOS_DEPLOYMENT_TARGET = 13.2;
				MTL_ENABLE_DEBUG_INFO = INCLUDE_SOURCE;
				MTL_FAST_MATH = YES;
				ONLY_ACTIVE_ARCH = YES;
				SDKROOT = iphoneos;
				SWIFT_ACTIVE_COMPILATION_CONDITIONS = DEBUG;
				SWIFT_OPTIMIZATION_LEVEL = "-Onone";
			};
			name = Debug;
		};
		D9469E2C23DD5C7800C3E9A9 /* Release */ = {
			isa = XCBuildConfiguration;
			buildSettings = {
				ALWAYS_SEARCH_USER_PATHS = NO;
				CLANG_ANALYZER_NONNULL = YES;
				CLANG_ANALYZER_NUMBER_OBJECT_CONVERSION = YES_AGGRESSIVE;
				CLANG_CXX_LANGUAGE_STANDARD = "gnu++14";
				CLANG_CXX_LIBRARY = "libc++";
				CLANG_ENABLE_MODULES = YES;
				CLANG_ENABLE_OBJC_ARC = YES;
				CLANG_ENABLE_OBJC_WEAK = YES;
				CLANG_WARN_BLOCK_CAPTURE_AUTORELEASING = YES;
				CLANG_WARN_BOOL_CONVERSION = YES;
				CLANG_WARN_COMMA = YES;
				CLANG_WARN_CONSTANT_CONVERSION = YES;
				CLANG_WARN_DEPRECATED_OBJC_IMPLEMENTATIONS = YES;
				CLANG_WARN_DIRECT_OBJC_ISA_USAGE = YES_ERROR;
				CLANG_WARN_DOCUMENTATION_COMMENTS = YES;
				CLANG_WARN_EMPTY_BODY = YES;
				CLANG_WARN_ENUM_CONVERSION = YES;
				CLANG_WARN_INFINITE_RECURSION = YES;
				CLANG_WARN_INT_CONVERSION = YES;
				CLANG_WARN_NON_LITERAL_NULL_CONVERSION = YES;
				CLANG_WARN_OBJC_IMPLICIT_RETAIN_SELF = YES;
				CLANG_WARN_OBJC_LITERAL_CONVERSION = YES;
				CLANG_WARN_OBJC_ROOT_CLASS = YES_ERROR;
				CLANG_WARN_RANGE_LOOP_ANALYSIS = YES;
				CLANG_WARN_STRICT_PROTOTYPES = YES;
				CLANG_WARN_SUSPICIOUS_MOVE = YES;
				CLANG_WARN_UNGUARDED_AVAILABILITY = YES_AGGRESSIVE;
				CLANG_WARN_UNREACHABLE_CODE = YES;
				CLANG_WARN__DUPLICATE_METHOD_MATCH = YES;
				COPY_PHASE_STRIP = NO;
				DEBUG_INFORMATION_FORMAT = "dwarf-with-dsym";
				ENABLE_NS_ASSERTIONS = NO;
				ENABLE_STRICT_OBJC_MSGSEND = YES;
				GCC_C_LANGUAGE_STANDARD = gnu11;
				GCC_NO_COMMON_BLOCKS = YES;
				GCC_WARN_64_TO_32_BIT_CONVERSION = YES;
				GCC_WARN_ABOUT_RETURN_TYPE = YES_ERROR;
				GCC_WARN_UNDECLARED_SELECTOR = YES;
				GCC_WARN_UNINITIALIZED_AUTOS = YES_AGGRESSIVE;
				GCC_WARN_UNUSED_FUNCTION = YES;
				GCC_WARN_UNUSED_VARIABLE = YES;
				IPHONEOS_DEPLOYMENT_TARGET = 13.2;
				MTL_ENABLE_DEBUG_INFO = NO;
				MTL_FAST_MATH = YES;
				SDKROOT = iphoneos;
				SWIFT_COMPILATION_MODE = wholemodule;
				SWIFT_OPTIMIZATION_LEVEL = "-O";
				VALIDATE_PRODUCT = YES;
			};
			name = Release;
		};
		D9469E2E23DD5C7800C3E9A9 /* Debug */ = {
			isa = XCBuildConfiguration;
			buildSettings = {
				ASSETCATALOG_COMPILER_APPICON_NAME = AppIcon;
				CODE_SIGN_STYLE = Automatic;
				INFOPLIST_FILE = Database/Info.plist;
				LD_RUNPATH_SEARCH_PATHS = (
					"$(inherited)",
					"@executable_path/Frameworks",
				);
				PRODUCT_BUNDLE_IDENTIFIER = com.nexttechltd.Database;
				PRODUCT_NAME = "$(TARGET_NAME)";
				SWIFT_VERSION = 5.0;
				TARGETED_DEVICE_FAMILY = "1,2";
			};
			name = Debug;
		};
		D9469E2F23DD5C7800C3E9A9 /* Release */ = {
			isa = XCBuildConfiguration;
			buildSettings = {
				ASSETCATALOG_COMPILER_APPICON_NAME = AppIcon;
				CODE_SIGN_STYLE = Automatic;
				INFOPLIST_FILE = Database/Info.plist;
				LD_RUNPATH_SEARCH_PATHS = (
					"$(inherited)",
					"@executable_path/Frameworks",
				);
				PRODUCT_BUNDLE_IDENTIFIER = com.nexttechltd.Database;
				PRODUCT_NAME = "$(TARGET_NAME)";
				SWIFT_VERSION = 5.0;
				TARGETED_DEVICE_FAMILY = "1,2";
			};
			name = Release;
		};
/* End XCBuildConfiguration section */

/* Begin XCConfigurationList section */
		D9469E1423DD5C7600C3E9A9 /* Build configuration list for PBXProject "Database" */ = {
			isa = XCConfigurationList;
			buildConfigurations = (
				D9469E2B23DD5C7800C3E9A9 /* Debug */,
				D9469E2C23DD5C7800C3E9A9 /* Release */,
			);
			defaultConfigurationIsVisible = 0;
			defaultConfigurationName = Release;
		};
		D9469E2D23DD5C7800C3E9A9 /* Build configuration list for PBXNativeTarget "Database" */ = {
			isa = XCConfigurationList;
			buildConfigurations = (
				D9469E2E23DD5C7800C3E9A9 /* Debug */,
				D9469E2F23DD5C7800C3E9A9 /* Release */,
			);
			defaultConfigurationIsVisible = 0;
			defaultConfigurationName = Release;
		};
/* End XCConfigurationList section */
	};
	rootObject = D9469E1123DD5C7600C3E9A9 /* Project object */;
}
